
Microsoft Visual Studio Solution File, Format Version 12.00
# Visual Studio Version 17
VisualStudioVersion = 17.8.34511.84
MinimumVisualStudioVersion = 10.0.40219.1
Project("{9A19103F-16F7-4668-BE54-9A1E7A4F7556}") = "TextLore", "TextLore\TextLore.csproj", "{1F935415-BA18-42C8-B210-D6195F93A719}"
EndProject
Global
	GlobalSection(SolutionConfigurationPlatforms) = preSolution
		Debug|Any CPU = Debug|Any CPU
		Release|Any CPU = Release|Any CPU
	EndGlobalSection
	GlobalSection(ProjectConfigurationPlatforms) = postSolution
		{1F935415-BA18-42C8-B210-D6195F93A719}.Debug|Any CPU.ActiveCfg = Debug|Any CPU
		{1F935415-BA18-42C8-B210-D6195F93A719}.Debug|Any CPU.Build.0 = Debug|Any CPU
		{1F935415-BA18-42C8-B210-D6195F93A719}.Release|Any CPU.ActiveCfg = Release|Any CPU
		{1F935415-BA18-42C8-B210-D6195F93A719}.Release|Any CPU.Build.0 = Release|Any CPU
	EndGlobalSection
	GlobalSection(SolutionProperties) = preSolution
		HideSolutionNode = FALSE
	EndGlobalSection
	GlobalSection(ExtensibilityGlobals) = postSolution
		SolutionGuid = {2C858285-96BB-426E-B4C6-CD0B2058AAF3}
	EndGlobalSection
EndGlobal
